
Microsoft Visual Studio Solution File, Format Version 12.00
# Visual Studio Version 17
VisualStudioVersion = 17.3.32901.215
MinimumVisualStudioVersion = 10.0.40219.1
Project("{FAE04EC0-301F-11D3-BF4B-00C04F79EFBC}") = "Labb7-XUnit-Tests", "Labb7-XUnit-Tests.csproj", "{EF868925-9030-4553-BEDA-35443BE1EB2B}"
EndProject
Project("{FAE04EC0-301F-11D3-BF4B-00C04F79EFBC}") = "TestProject1", "..\TestProject1\TestProject1.csproj", "{CD731BF5-85D2-4735-96A2-BA40005463EC}"
EndProject
Global
	GlobalSection(SolutionConfigurationPlatforms) = preSolution
		Debug|Any CPU = Debug|Any CPU
		Release|Any CPU = Release|Any CPU
	EndGlobalSection
	GlobalSection(ProjectConfigurationPlatforms) = postSolution
		{EF868925-9030-4553-BEDA-35443BE1EB2B}.Debug|Any CPU.ActiveCfg = Debug|Any CPU
		{EF868925-9030-4553-BEDA-35443BE1EB2B}.Debug|Any CPU.Build.0 = Debug|Any CPU
		{EF868925-9030-4553-BEDA-35443BE1EB2B}.Release|Any CPU.ActiveCfg = Release|Any CPU
		{EF868925-9030-4553-BEDA-35443BE1EB2B}.Release|Any CPU.Build.0 = Release|Any CPU
		{CD731BF5-85D2-4735-96A2-BA40005463EC}.Debug|Any CPU.ActiveCfg = Debug|Any CPU
		{CD731BF5-85D2-4735-96A2-BA40005463EC}.Debug|Any CPU.Build.0 = Debug|Any CPU
		{CD731BF5-85D2-4735-96A2-BA40005463EC}.Release|Any CPU.ActiveCfg = Release|Any CPU
		{CD731BF5-85D2-4735-96A2-BA40005463EC}.Release|Any CPU.Build.0 = Release|Any CPU
	EndGlobalSection
	GlobalSection(SolutionProperties) = preSolution
		HideSolutionNode = FALSE
	EndGlobalSection
	GlobalSection(ExtensibilityGlobals) = postSolution
		SolutionGuid = {DE0C3B7D-713A-4C0B-BD2C-3009D0B1AD2E}
	EndGlobalSection
EndGlobal
